// !$*UTF8*$!
{
	archiveVersion = 1;
	classes = {
	};
	objectVersion = 77;
	objects = {

/* Begin PBXBuildFile section */
		00E2704921CBA6838F7A99C1 /* DecisionsViewModel.swift in Sources */ = {isa = PBXBuildFile; fileRef = 010D09CB637C6EA54E0EC7FF /* DecisionsViewModel.swift */; };
		05BE287861AFA7A21A9C4FA0 /* Assets.xcassets in Resources */ = {isa = PBXBuildFile; fileRef = 4C516C8BAF4B3E22E50670BE /* Assets.xcassets */; };
		07DA904336AF263C96E73EE5 /* FirebaseFirestore in Frameworks */ = {isa = PBXBuildFile; productRef = AE53076BE87E5BE7FA130FBC /* FirebaseFirestore */; };
		1016CCB7ACBB4D2BF27649BB /* HomeView.swift in Sources */ = {isa = PBXBuildFile; fileRef = 2DCF1ABA8739D492E7A99F8C /* HomeView.swift */; };
		132DF2803630F9DA2971189C /* DecisionsService.swift in Sources */ = {isa = PBXBuildFile; fileRef = 078F06F1CF898288B2B84309 /* DecisionsService.swift */; };
		15F9F76333035682876AAF12 /* PairingView.swift in Sources */ = {isa = PBXBuildFile; fileRef = 345354C6541E6C653AE820B8 /* PairingView.swift */; };
		1748FEA0B0EC6B1696A55F8F /* User.swift in Sources */ = {isa = PBXBuildFile; fileRef = 319A26E4DFF6EF585AF0FE1F /* User.swift */; };
		19A94F8B50784EEC876A818F /* SharedRelationshipStore.swift in Sources */ = {isa = PBXBuildFile; fileRef = 0A979819297FB494039757C9 /* SharedRelationshipStore.swift */; };
		1A90D267C1B874276F162A3F /* SignInView.swift in Sources */ = {isa = PBXBuildFile; fileRef = 5106CEF01E60E452D3058096 /* SignInView.swift */; };
		1DBD14C97AAFD39187D1D485 /* DecisionCardView.swift in Sources */ = {isa = PBXBuildFile; fileRef = A9286A820851B1CCEE91DC64 /* DecisionCardView.swift */; };
		227B9C6485BDD854DC189DF9 /* CaseFileDetailView.swift in Sources */ = {isa = PBXBuildFile; fileRef = 858AAB2B4E9971636AB60FC8 /* CaseFileDetailView.swift */; };
		26CE5A606ED82B8280B36D26 /* PortraitCropView.swift in Sources */ = {isa = PBXBuildFile; fileRef = 0B4B280995CEA93012E68E9E /* PortraitCropView.swift */; };
		29AB38EC03690AB12B27A0F8 /* Couple.swift in Sources */ = {isa = PBXBuildFile; fileRef = 7F4D3A49117E04EFB1C744A4 /* Couple.swift */; };
		3100B56C8FD9619B772D4404 /* HapticFeedback.swift in Sources */ = {isa = PBXBuildFile; fileRef = 17DFD8B33EA30E398BF9AD89 /* HapticFeedback.swift */; };
		329F448AE311192D05A512D8 /* Localizable.xcstrings in Resources */ = {isa = PBXBuildFile; fileRef = CDAD42C6370E88973D1197B0 /* Localizable.xcstrings */; };
		370F4CBE7D2F785689A751FA /* StartDateView.swift in Sources */ = {isa = PBXBuildFile; fileRef = F828BAD0A8079B36091EAF83 /* StartDateView.swift */; };
		38CD074848882F7AD01E0BB1 /* RootView.swift in Sources */ = {isa = PBXBuildFile; fileRef = F6D0D52C18E9D8651014454C /* RootView.swift */; };
		3A626BF47B710E34979AE33D /* CaseFileService.swift in Sources */ = {isa = PBXBuildFile; fileRef = A1ADF66F322778C229A0D5B4 /* CaseFileService.swift */; };
		3B1616257F88B3120D8CDE03 /* Decision.swift in Sources */ = {isa = PBXBuildFile; fileRef = E0D50BBEAF81A874C9A2DC77 /* Decision.swift */; };
		42B7896A6F44BFD3F04DDD26 /* Theme.swift in Sources */ = {isa = PBXBuildFile; fileRef = 1DBFC7C9C6E5053A83326851 /* Theme.swift */; };
		4936508E9D2616DB1C7D1D16 /* SettingsView.swift in Sources */ = {isa = PBXBuildFile; fileRef = 7B58EEE9C69DC1716DCA176C /* SettingsView.swift */; };
		4BD00B1FBDF2CCDE53ED4844 /* RelationshipCounterView.swift in Sources */ = {isa = PBXBuildFile; fileRef = 840B75111F957B04272E797B /* RelationshipCounterView.swift */; };
		4E53E5321094AD3E82B5E01D /* FirebaseCore in Frameworks */ = {isa = PBXBuildFile; productRef = ABCAA589C528E3A33410E072 /* FirebaseCore */; };
		5781885AB3D356D493087033 /* DecisionsListView.swift in Sources */ = {isa = PBXBuildFile; fileRef = 249FCC2FD33586CEE62DCC24 /* DecisionsListView.swift */; };
		5CF53232B518274B2EDFEF45 /* CaseFilesTimelineView.swift in Sources */ = {isa = PBXBuildFile; fileRef = 22D256A6F3E7C8BCC9460093 /* CaseFilesTimelineView.swift */; };
		669D85B28FFAE047B7444F33 /* NoteListDetailView.swift in Sources */ = {isa = PBXBuildFile; fileRef = 39787B174C29AE713BAB775A /* NoteListDetailView.swift */; };
		67361EB3EC1E7A6D5F1AE21F /* CaseFilesListView.swift in Sources */ = {isa = PBXBuildFile; fileRef = BEC97AA3663B7E60CB4C138E /* CaseFilesListView.swift */; };
		73B570C5697B5792985CD800 /* HapticFeedback.swift in Sources */ = {isa = PBXBuildFile; fileRef = 17DFD8B33EA30E398BF9AD89 /* HapticFeedback.swift */; };
		7A9E521B724D533DB6F1386A /* OurDocketWidgetExtension.appex in Embed Foundation Extensions */ = {isa = PBXBuildFile; fileRef = FDE54B2F4B7A7E66E3189A2C /* OurDocketWidgetExtension.appex */; settings = {ATTRIBUTES = (RemoveHeadersOnCopy, ); }; };
		7BB1C8CC83CA5AD89CCFE7EC /* Theme.swift in Sources */ = {isa = PBXBuildFile; fileRef = 1DBFC7C9C6E5053A83326851 /* Theme.swift */; };
		81EC87276BE4F2DF93DBB435 /* PairingService.swift in Sources */ = {isa = PBXBuildFile; fileRef = 11BA0F1A901CA0485AD772D6 /* PairingService.swift */; };
		8231EED401B90833E488ACCA /* NotesService.swift in Sources */ = {isa = PBXBuildFile; fileRef = 841CAA66C348DA56B7C5547A /* NotesService.swift */; };
		847DEB4D02D9725839BEC5D3 /* ImageCache.swift in Sources */ = {isa = PBXBuildFile; fileRef = 615DC685DBAA2E5002004EE6 /* ImageCache.swift */; };
		84E52023A2813E4852F93477 /* HeaderBar.swift in Sources */ = {isa = PBXBuildFile; fileRef = 7FEDB0FB5D7187B9CBA26AF8 /* HeaderBar.swift */; };
		85007677B0D50B6D3F14BD13 /* OurDocketApp.swift in Sources */ = {isa = PBXBuildFile; fileRef = 2FD01B7480B26655DDEF8EC6 /* OurDocketApp.swift */; };
		87BDF2581724CE12B87D3616 /* OurDocketWidgetBundle.swift in Sources */ = {isa = PBXBuildFile; fileRef = F26E182AF29BE9D973CA0056 /* OurDocketWidgetBundle.swift */; };
		8A3D2B0D9D181EA107B7959F /* CategoryManagementSheet.swift in Sources */ = {isa = PBXBuildFile; fileRef = 0F169B4BCF55B1E24E48CC01 /* CategoryManagementSheet.swift */; };
		8ABCFBDAA3963EDF685DA10E /* CaseFile.swift in Sources */ = {isa = PBXBuildFile; fileRef = 78CBA7E01B8F74DBEE4C971C /* CaseFile.swift */; };
		9781C2702CFD352AE815F7CE /* InfoPlist.xcstrings in Resources */ = {isa = PBXBuildFile; fileRef = 5FFAF5380E26B245AB8B9F47 /* InfoPlist.xcstrings */; };
		995A5E67771DA566CAF45773 /* RandomAppearance.swift in Sources */ = {isa = PBXBuildFile; fileRef = F35605A7CD27566F8F15D6BB /* RandomAppearance.swift */; };
		9B4A573C31484F90561041F4 /* MediaViewerView.swift in Sources */ = {isa = PBXBuildFile; fileRef = 8BEECBE3A12000231C44187B /* MediaViewerView.swift */; };
		9E208FAF7E48BD77E6651A43 /* GoogleService-Info.plist in Resources */ = {isa = PBXBuildFile; fileRef = DBE64B33D263ECB0A0FF8004 /* GoogleService-Info.plist */; };
		9F4977EE53BAD7CEBC7A065D /* AppLanguage.swift in Sources */ = {isa = PBXBuildFile; fileRef = 98D25192FD48336BEBE3110C /* AppLanguage.swift */; };
		A3D248CC774E040A8C5856B7 /* MediaThumbnailView.swift in Sources */ = {isa = PBXBuildFile; fileRef = CCD0E90971866DB8E3B3AB19 /* MediaThumbnailView.swift */; };
		B24C34540794BE2C7E7D8FD0 /* NewDecisionSheet.swift in Sources */ = {isa = PBXBuildFile; fileRef = 3F4C17200A700E98D63D953F /* NewDecisionSheet.swift */; };
		B4A555076452197A45BEF41E /* PortraitService.swift in Sources */ = {isa = PBXBuildFile; fileRef = 479A0F779956A0014A1D487A /* PortraitService.swift */; };
		BB82E26EC86C6480F6F29AEF /* NewCaseFileSheet.swift in Sources */ = {isa = PBXBuildFile; fileRef = A5FA4BDDBD3ED137FBB86A04 /* NewCaseFileSheet.swift */; };
		BDAC551C897B9EBFBD967091 /* AppLanguage.swift in Sources */ = {isa = PBXBuildFile; fileRef = 98D25192FD48336BEBE3110C /* AppLanguage.swift */; };
		C04407E895E14733058C365C /* OurDocketWidget.swift in Sources */ = {isa = PBXBuildFile; fileRef = 470E6594CA54AB3E202DF14C /* OurDocketWidget.swift */; };
		C045ECDF8D95BBE7D813DA9A /* FirebaseStorage in Frameworks */ = {isa = PBXBuildFile; productRef = E5BE683CE8BC0471E4714102 /* FirebaseStorage */; };
		C10AD0652515C2935DDEA734 /* FirebaseAuth in Frameworks */ = {isa = PBXBuildFile; productRef = 48F4CEA2F1A635556EA19778 /* FirebaseAuth */; };
		CA5CBC486FF1D924FE7C6A89 /* NoteList.swift in Sources */ = {isa = PBXBuildFile; fileRef = 1C52077A4FC0126B911E6C4C /* NoteList.swift */; };
		CB07E0DC834E8CC3C8611114 /* NotesView.swift in Sources */ = {isa = PBXBuildFile; fileRef = DF48F1E120A92AFFE6ED9219 /* NotesView.swift */; };
		D4DAAECB66082D5FBD14CB72 /* NotesViewModel.swift in Sources */ = {isa = PBXBuildFile; fileRef = 5ABD03B0FC975357032DFDA3 /* NotesViewModel.swift */; };
		D6B0B6DFDD3407CDF696A1D5 /* AuthService.swift in Sources */ = {isa = PBXBuildFile; fileRef = F76174749A62F43C2CE93719 /* AuthService.swift */; };
		DB0949DD40EABB5F8853A4DF /* AuthViewModel.swift in Sources */ = {isa = PBXBuildFile; fileRef = 71C2193921717FC25186458E /* AuthViewModel.swift */; };
		DD86FE8BB1B5F35E435180BB /* CaseFilesViewModel.swift in Sources */ = {isa = PBXBuildFile; fileRef = 2E328274FE56BF3B030B7D4B /* CaseFilesViewModel.swift */; };
		E437D183483538CCC1733F40 /* Localizable.xcstrings in Resources */ = {isa = PBXBuildFile; fileRef = 6911B3D2DFE58C91203A1D2A /* Localizable.xcstrings */; };
		F33D91FA7C275341476B1EFD /* SharedRelationshipStore.swift in Sources */ = {isa = PBXBuildFile; fileRef = 0A979819297FB494039757C9 /* SharedRelationshipStore.swift */; };
		F6F9EFEE4399F3A9005E06A2 /* LanguageSelectionView.swift in Sources */ = {isa = PBXBuildFile; fileRef = 7640BA5753549A3D5EC506ED /* LanguageSelectionView.swift */; };
		F94DC5D2CC83803DE0F0EAD2 /* ButtonStyles.swift in Sources */ = {isa = PBXBuildFile; fileRef = D26C2639C337AFB2EB70B5C5 /* ButtonStyles.swift */; };
		FA386C59CCF1BB4BE3AFF491 /* ShortcutCardsView.swift in Sources */ = {isa = PBXBuildFile; fileRef = 0E4FA17206DDA60F1C232C6A /* ShortcutCardsView.swift */; };
/* End PBXBuildFile section */

/* Begin PBXContainerItemProxy section */
		284470D16F1583BBE7C49290 /* PBXContainerItemProxy */ = {
			isa = PBXContainerItemProxy;
			containerPortal = 2389D4604B103832A9A481F3 /* Project object */;
			proxyType = 1;
			remoteGlobalIDString = F0554A098F35B35CD9BD504E;
			remoteInfo = OurDocketWidgetExtension;
		};
/* End PBXContainerItemProxy section */

/* Begin PBXCopyFilesBuildPhase section */
		2105053A445BB79F78C2D754 /* Embed Foundation Extensions */ = {
			isa = PBXCopyFilesBuildPhase;
			buildActionMask = 2147483647;
			dstPath = "";
			dstSubfolderSpec = 13;
			files = (
				7A9E521B724D533DB6F1386A /* OurDocketWidgetExtension.appex in Embed Foundation Extensions */,
			);
			name = "Embed Foundation Extensions";
			runOnlyForDeploymentPostprocessing = 0;
		};
/* End PBXCopyFilesBuildPhase section */

/* Begin PBXFileReference section */
		010D09CB637C6EA54E0EC7FF /* DecisionsViewModel.swift */ = {isa = PBXFileReference; lastKnownFileType = sourcecode.swift; path = DecisionsViewModel.swift; sourceTree = "<group>"; };
		078F06F1CF898288B2B84309 /* DecisionsService.swift */ = {isa = PBXFileReference; lastKnownFileType = sourcecode.swift; path = DecisionsService.swift; sourceTree = "<group>"; };
		0A979819297FB494039757C9 /* SharedRelationshipStore.swift */ = {isa = PBXFileReference; lastKnownFileType = sourcecode.swift; path = SharedRelationshipStore.swift; sourceTree = "<group>"; };
		0B4B280995CEA93012E68E9E /* PortraitCropView.swift */ = {isa = PBXFileReference; lastKnownFileType = sourcecode.swift; path = PortraitCropView.swift; sourceTree = "<group>"; };
		0E4FA17206DDA60F1C232C6A /* ShortcutCardsView.swift */ = {isa = PBXFileReference; lastKnownFileType = sourcecode.swift; path = ShortcutCardsView.swift; sourceTree = "<group>"; };
		0F169B4BCF55B1E24E48CC01 /* CategoryManagementSheet.swift */ = {isa = PBXFileReference; lastKnownFileType = sourcecode.swift; path = CategoryManagementSheet.swift; sourceTree = "<group>"; };
		11BA0F1A901CA0485AD772D6 /* PairingService.swift */ = {isa = PBXFileReference; lastKnownFileType = sourcecode.swift; path = PairingService.swift; sourceTree = "<group>"; };
		17DFD8B33EA30E398BF9AD89 /* HapticFeedback.swift */ = {isa = PBXFileReference; lastKnownFileType = sourcecode.swift; path = HapticFeedback.swift; sourceTree = "<group>"; };
		1C52077A4FC0126B911E6C4C /* NoteList.swift */ = {isa = PBXFileReference; lastKnownFileType = sourcecode.swift; path = NoteList.swift; sourceTree = "<group>"; };
		1DBFC7C9C6E5053A83326851 /* Theme.swift */ = {isa = PBXFileReference; lastKnownFileType = sourcecode.swift; path = Theme.swift; sourceTree = "<group>"; };
		22D256A6F3E7C8BCC9460093 /* CaseFilesTimelineView.swift */ = {isa = PBXFileReference; lastKnownFileType = sourcecode.swift; path = CaseFilesTimelineView.swift; sourceTree = "<group>"; };
		249FCC2FD33586CEE62DCC24 /* DecisionsListView.swift */ = {isa = PBXFileReference; lastKnownFileType = sourcecode.swift; path = DecisionsListView.swift; sourceTree = "<group>"; };
		2DCF1ABA8739D492E7A99F8C /* HomeView.swift */ = {isa = PBXFileReference; lastKnownFileType = sourcecode.swift; path = HomeView.swift; sourceTree = "<group>"; };
		2E328274FE56BF3B030B7D4B /* CaseFilesViewModel.swift */ = {isa = PBXFileReference; lastKnownFileType = sourcecode.swift; path = CaseFilesViewModel.swift; sourceTree = "<group>"; };
		2FD01B7480B26655DDEF8EC6 /* OurDocketApp.swift */ = {isa = PBXFileReference; lastKnownFileType = sourcecode.swift; path = OurDocketApp.swift; sourceTree = "<group>"; };
		319A26E4DFF6EF585AF0FE1F /* User.swift */ = {isa = PBXFileReference; lastKnownFileType = sourcecode.swift; path = User.swift; sourceTree = "<group>"; };
		345354C6541E6C653AE820B8 /* PairingView.swift */ = {isa = PBXFileReference; lastKnownFileType = sourcecode.swift; path = PairingView.swift; sourceTree = "<group>"; };
		39787B174C29AE713BAB775A /* NoteListDetailView.swift */ = {isa = PBXFileReference; lastKnownFileType = sourcecode.swift; path = NoteListDetailView.swift; sourceTree = "<group>"; };
		3F4C17200A700E98D63D953F /* NewDecisionSheet.swift */ = {isa = PBXFileReference; lastKnownFileType = sourcecode.swift; path = NewDecisionSheet.swift; sourceTree = "<group>"; };
		470E6594CA54AB3E202DF14C /* OurDocketWidget.swift */ = {isa = PBXFileReference; lastKnownFileType = sourcecode.swift; path = OurDocketWidget.swift; sourceTree = "<group>"; };
		479A0F779956A0014A1D487A /* PortraitService.swift */ = {isa = PBXFileReference; lastKnownFileType = sourcecode.swift; path = PortraitService.swift; sourceTree = "<group>"; };
		4C516C8BAF4B3E22E50670BE /* Assets.xcassets */ = {isa = PBXFileReference; lastKnownFileType = folder.assetcatalog; path = Assets.xcassets; sourceTree = "<group>"; };
		5106CEF01E60E452D3058096 /* SignInView.swift */ = {isa = PBXFileReference; lastKnownFileType = sourcecode.swift; path = SignInView.swift; sourceTree = "<group>"; };
		5ABD03B0FC975357032DFDA3 /* NotesViewModel.swift */ = {isa = PBXFileReference; lastKnownFileType = sourcecode.swift; path = NotesViewModel.swift; sourceTree = "<group>"; };
		5FFAF5380E26B245AB8B9F47 /* InfoPlist.xcstrings */ = {isa = PBXFileReference; lastKnownFileType = text.json.xcstrings; path = InfoPlist.xcstrings; sourceTree = "<group>"; };
		615DC685DBAA2E5002004EE6 /* ImageCache.swift */ = {isa = PBXFileReference; lastKnownFileType = sourcecode.swift; path = ImageCache.swift; sourceTree = "<group>"; };
		6911B3D2DFE58C91203A1D2A /* Localizable.xcstrings */ = {isa = PBXFileReference; lastKnownFileType = text.json.xcstrings; path = Localizable.xcstrings; sourceTree = "<group>"; };
		71C2193921717FC25186458E /* AuthViewModel.swift */ = {isa = PBXFileReference; lastKnownFileType = sourcecode.swift; path = AuthViewModel.swift; sourceTree = "<group>"; };
		7640BA5753549A3D5EC506ED /* LanguageSelectionView.swift */ = {isa = PBXFileReference; lastKnownFileType = sourcecode.swift; path = LanguageSelectionView.swift; sourceTree = "<group>"; };
		78CBA7E01B8F74DBEE4C971C /* CaseFile.swift */ = {isa = PBXFileReference; lastKnownFileType = sourcecode.swift; path = CaseFile.swift; sourceTree = "<group>"; };
		7B58EEE9C69DC1716DCA176C /* SettingsView.swift */ = {isa = PBXFileReference; lastKnownFileType = sourcecode.swift; path = SettingsView.swift; sourceTree = "<group>"; };
		7F4D3A49117E04EFB1C744A4 /* Couple.swift */ = {isa = PBXFileReference; lastKnownFileType = sourcecode.swift; path = Couple.swift; sourceTree = "<group>"; };
		7FEDB0FB5D7187B9CBA26AF8 /* HeaderBar.swift */ = {isa = PBXFileReference; lastKnownFileType = sourcecode.swift; path = HeaderBar.swift; sourceTree = "<group>"; };
		823F0DAAA2FA4243C5B256E0 /* OurDocket.entitlements */ = {isa = PBXFileReference; lastKnownFileType = text.plist.entitlements; path = OurDocket.entitlements; sourceTree = "<group>"; };
		840B75111F957B04272E797B /* RelationshipCounterView.swift */ = {isa = PBXFileReference; lastKnownFileType = sourcecode.swift; path = RelationshipCounterView.swift; sourceTree = "<group>"; };
		841CAA66C348DA56B7C5547A /* NotesService.swift */ = {isa = PBXFileReference; lastKnownFileType = sourcecode.swift; path = NotesService.swift; sourceTree = "<group>"; };
		858AAB2B4E9971636AB60FC8 /* CaseFileDetailView.swift */ = {isa = PBXFileReference; lastKnownFileType = sourcecode.swift; path = CaseFileDetailView.swift; sourceTree = "<group>"; };
		8BEECBE3A12000231C44187B /* MediaViewerView.swift */ = {isa = PBXFileReference; lastKnownFileType = sourcecode.swift; path = MediaViewerView.swift; sourceTree = "<group>"; };
		98D25192FD48336BEBE3110C /* AppLanguage.swift */ = {isa = PBXFileReference; lastKnownFileType = sourcecode.swift; path = AppLanguage.swift; sourceTree = "<group>"; };
		A1ADF66F322778C229A0D5B4 /* CaseFileService.swift */ = {isa = PBXFileReference; lastKnownFileType = sourcecode.swift; path = CaseFileService.swift; sourceTree = "<group>"; };
		A5FA4BDDBD3ED137FBB86A04 /* NewCaseFileSheet.swift */ = {isa = PBXFileReference; lastKnownFileType = sourcecode.swift; path = NewCaseFileSheet.swift; sourceTree = "<group>"; };
		A9286A820851B1CCEE91DC64 /* DecisionCardView.swift */ = {isa = PBXFileReference; lastKnownFileType = sourcecode.swift; path = DecisionCardView.swift; sourceTree = "<group>"; };
		BCFCCB8E9A8DCA46C15B6F6B /* OurDocket.app */ = {isa = PBXFileReference; includeInIndex = 0; lastKnownFileType = wrapper.application; path = OurDocket.app; sourceTree = BUILT_PRODUCTS_DIR; };
		BEC97AA3663B7E60CB4C138E /* CaseFilesListView.swift */ = {isa = PBXFileReference; lastKnownFileType = sourcecode.swift; path = CaseFilesListView.swift; sourceTree = "<group>"; };
		CCD0E90971866DB8E3B3AB19 /* MediaThumbnailView.swift */ = {isa = PBXFileReference; lastKnownFileType = sourcecode.swift; path = MediaThumbnailView.swift; sourceTree = "<group>"; };
		CDAD42C6370E88973D1197B0 /* Localizable.xcstrings */ = {isa = PBXFileReference; lastKnownFileType = text.json.xcstrings; path = Localizable.xcstrings; sourceTree = "<group>"; };
		D26C2639C337AFB2EB70B5C5 /* ButtonStyles.swift */ = {isa = PBXFileReference; lastKnownFileType = sourcecode.swift; path = ButtonStyles.swift; sourceTree = "<group>"; };
		DBE64B33D263ECB0A0FF8004 /* GoogleService-Info.plist */ = {isa = PBXFileReference; lastKnownFileType = text.plist; path = "GoogleService-Info.plist"; sourceTree = "<group>"; };
		DF48F1E120A92AFFE6ED9219 /* NotesView.swift */ = {isa = PBXFileReference; lastKnownFileType = sourcecode.swift; path = NotesView.swift; sourceTree = "<group>"; };
		E0D50BBEAF81A874C9A2DC77 /* Decision.swift */ = {isa = PBXFileReference; lastKnownFileType = sourcecode.swift; path = Decision.swift; sourceTree = "<group>"; };
		F26E182AF29BE9D973CA0056 /* OurDocketWidgetBundle.swift */ = {isa = PBXFileReference; lastKnownFileType = sourcecode.swift; path = OurDocketWidgetBundle.swift; sourceTree = "<group>"; };
		F2C0F35816B361DA6DCBB043 /* OurDocketWidget.entitlements */ = {isa = PBXFileReference; lastKnownFileType = text.plist.entitlements; path = OurDocketWidget.entitlements; sourceTree = "<group>"; };
		F35605A7CD27566F8F15D6BB /* RandomAppearance.swift */ = {isa = PBXFileReference; lastKnownFileType = sourcecode.swift; path = RandomAppearance.swift; sourceTree = "<group>"; };
		F6D0D52C18E9D8651014454C /* RootView.swift */ = {isa = PBXFileReference; lastKnownFileType = sourcecode.swift; path = RootView.swift; sourceTree = "<group>"; };
		F76174749A62F43C2CE93719 /* AuthService.swift */ = {isa = PBXFileReference; lastKnownFileType = sourcecode.swift; path = AuthService.swift; sourceTree = "<group>"; };
		F828BAD0A8079B36091EAF83 /* StartDateView.swift */ = {isa = PBXFileReference; lastKnownFileType = sourcecode.swift; path = StartDateView.swift; sourceTree = "<group>"; };
		FDE54B2F4B7A7E66E3189A2C /* OurDocketWidgetExtension.appex */ = {isa = PBXFileReference; includeInIndex = 0; lastKnownFileType = "wrapper.app-extension"; path = OurDocketWidgetExtension.appex; sourceTree = BUILT_PRODUCTS_DIR; };
/* End PBXFileReference section */

/* Begin PBXFrameworksBuildPhase section */
		288AF54621E98005D68426D2 /* Frameworks */ = {
			isa = PBXFrameworksBuildPhase;
			buildActionMask = 2147483647;
			files = (
				4E53E5321094AD3E82B5E01D /* FirebaseCore in Frameworks */,
				C10AD0652515C2935DDEA734 /* FirebaseAuth in Frameworks */,
				07DA904336AF263C96E73EE5 /* FirebaseFirestore in Frameworks */,
				C045ECDF8D95BBE7D813DA9A /* FirebaseStorage in Frameworks */,
			);
			runOnlyForDeploymentPostprocessing = 0;
		};
/* End PBXFrameworksBuildPhase section */

/* Begin PBXGroup section */
		2D16C7E111696594401FC1B3 /* Services */ = {
			isa = PBXGroup;
			children = (
				F76174749A62F43C2CE93719 /* AuthService.swift */,
				A1ADF66F322778C229A0D5B4 /* CaseFileService.swift */,
				078F06F1CF898288B2B84309 /* DecisionsService.swift */,
				841CAA66C348DA56B7C5547A /* NotesService.swift */,
				11BA0F1A901CA0485AD772D6 /* PairingService.swift */,
				479A0F779956A0014A1D487A /* PortraitService.swift */,
			);
			path = Services;
			sourceTree = "<group>";
		};
		37EE67BE513E85D231DFB622 = {
			isa = PBXGroup;
			children = (
				85CBD63CC6E4137B23335A8D /* OurDocket */,
				CD7645019C1B8CEEA325730F /* OurDocketWidget */,
				77B69F772B34736D8B06665A /* Shared */,
				F094A9E0875B139E49725E39 /* Products */,
			);
			sourceTree = "<group>";
		};
		444C063EA281F38DB7B35205 /* Models */ = {
			isa = PBXGroup;
			children = (
				78CBA7E01B8F74DBEE4C971C /* CaseFile.swift */,
				7F4D3A49117E04EFB1C744A4 /* Couple.swift */,
				E0D50BBEAF81A874C9A2DC77 /* Decision.swift */,
				1C52077A4FC0126B911E6C4C /* NoteList.swift */,
				319A26E4DFF6EF585AF0FE1F /* User.swift */,
			);
			path = Models;
			sourceTree = "<group>";
		};
		77B69F772B34736D8B06665A /* Shared */ = {
			isa = PBXGroup;
			children = (
				98D25192FD48336BEBE3110C /* AppLanguage.swift */,
				17DFD8B33EA30E398BF9AD89 /* HapticFeedback.swift */,
				0A979819297FB494039757C9 /* SharedRelationshipStore.swift */,
				1DBFC7C9C6E5053A83326851 /* Theme.swift */,
			);
			path = Shared;
			sourceTree = "<group>";
		};
		7A6E9165F0F2E32B4826BCCC /* CaseFiles */ = {
			isa = PBXGroup;
			children = (
				858AAB2B4E9971636AB60FC8 /* CaseFileDetailView.swift */,
				BEC97AA3663B7E60CB4C138E /* CaseFilesListView.swift */,
				22D256A6F3E7C8BCC9460093 /* CaseFilesTimelineView.swift */,
				0F169B4BCF55B1E24E48CC01 /* CategoryManagementSheet.swift */,
				CCD0E90971866DB8E3B3AB19 /* MediaThumbnailView.swift */,
				8BEECBE3A12000231C44187B /* MediaViewerView.swift */,
				A5FA4BDDBD3ED137FBB86A04 /* NewCaseFileSheet.swift */,
			);
			path = CaseFiles;
			sourceTree = "<group>";
		};
		811846175E11734BB0484CA7 /* Components */ = {
			isa = PBXGroup;
			children = (
				D26C2639C337AFB2EB70B5C5 /* ButtonStyles.swift */,
				7FEDB0FB5D7187B9CBA26AF8 /* HeaderBar.swift */,
				615DC685DBAA2E5002004EE6 /* ImageCache.swift */,
				F35605A7CD27566F8F15D6BB /* RandomAppearance.swift */,
			);
			path = Components;
			sourceTree = "<group>";
		};
		85CBD63CC6E4137B23335A8D /* OurDocket */ = {
			isa = PBXGroup;
			children = (
				DBE64B33D263ECB0A0FF8004 /* GoogleService-Info.plist */,
				5FFAF5380E26B245AB8B9F47 /* InfoPlist.xcstrings */,
				CDAD42C6370E88973D1197B0 /* Localizable.xcstrings */,
				823F0DAAA2FA4243C5B256E0 /* OurDocket.entitlements */,
				CE5B71CA25CA511F834C10CC /* App */,
				811846175E11734BB0484CA7 /* Components */,
				444C063EA281F38DB7B35205 /* Models */,
				9F5462678B1164EDD9CD8853 /* Resources */,
				2D16C7E111696594401FC1B3 /* Services */,
				FCF3A880A7BA858344A660CD /* ViewModels */,
				A85A4BF5C83ED1B1B3D07E7C /* Views */,
			);
			path = OurDocket;
			sourceTree = "<group>";
		};
		8F75651B93917885D98C65E8 /* Home */ = {
			isa = PBXGroup;
			children = (
				0B4B280995CEA93012E68E9E /* PortraitCropView.swift */,
				840B75111F957B04272E797B /* RelationshipCounterView.swift */,
				0E4FA17206DDA60F1C232C6A /* ShortcutCardsView.swift */,
			);
			path = Home;
			sourceTree = "<group>";
		};
		9F5462678B1164EDD9CD8853 /* Resources */ = {
			isa = PBXGroup;
			children = (
				4C516C8BAF4B3E22E50670BE /* Assets.xcassets */,
			);
			path = Resources;
			sourceTree = "<group>";
		};
		A85A4BF5C83ED1B1B3D07E7C /* Views */ = {
			isa = PBXGroup;
			children = (
				2DCF1ABA8739D492E7A99F8C /* HomeView.swift */,
				F6D0D52C18E9D8651014454C /* RootView.swift */,
				7B58EEE9C69DC1716DCA176C /* SettingsView.swift */,
				7A6E9165F0F2E32B4826BCCC /* CaseFiles */,
				C114D24E40EEFDA95C746632 /* Decisions */,
				8F75651B93917885D98C65E8 /* Home */,
				CA4686AF0B55BDA3DD90CDF3 /* Notes */,
				A9619D0FD91C520583C13132 /* Onboarding */,
			);
			path = Views;
			sourceTree = "<group>";
		};
		A9619D0FD91C520583C13132 /* Onboarding */ = {
			isa = PBXGroup;
			children = (
				7640BA5753549A3D5EC506ED /* LanguageSelectionView.swift */,
				345354C6541E6C653AE820B8 /* PairingView.swift */,
				5106CEF01E60E452D3058096 /* SignInView.swift */,
				F828BAD0A8079B36091EAF83 /* StartDateView.swift */,
			);
			path = Onboarding;
			sourceTree = "<group>";
		};
		C114D24E40EEFDA95C746632 /* Decisions */ = {
			isa = PBXGroup;
			children = (
				A9286A820851B1CCEE91DC64 /* DecisionCardView.swift */,
				249FCC2FD33586CEE62DCC24 /* DecisionsListView.swift */,
				3F4C17200A700E98D63D953F /* NewDecisionSheet.swift */,
			);
			path = Decisions;
			sourceTree = "<group>";
		};
		CA4686AF0B55BDA3DD90CDF3 /* Notes */ = {
			isa = PBXGroup;
			children = (
				39787B174C29AE713BAB775A /* NoteListDetailView.swift */,
				DF48F1E120A92AFFE6ED9219 /* NotesView.swift */,
			);
			path = Notes;
			sourceTree = "<group>";
		};
		CD7645019C1B8CEEA325730F /* OurDocketWidget */ = {
			isa = PBXGroup;
			children = (
				6911B3D2DFE58C91203A1D2A /* Localizable.xcstrings */,
				F2C0F35816B361DA6DCBB043 /* OurDocketWidget.entitlements */,
				470E6594CA54AB3E202DF14C /* OurDocketWidget.swift */,
				F26E182AF29BE9D973CA0056 /* OurDocketWidgetBundle.swift */,
			);
			path = OurDocketWidget;
			sourceTree = "<group>";
		};
		CE5B71CA25CA511F834C10CC /* App */ = {
			isa = PBXGroup;
			children = (
				2FD01B7480B26655DDEF8EC6 /* OurDocketApp.swift */,
			);
			path = App;
			sourceTree = "<group>";
		};
		F094A9E0875B139E49725E39 /* Products */ = {
			isa = PBXGroup;
			children = (
				BCFCCB8E9A8DCA46C15B6F6B /* OurDocket.app */,
				FDE54B2F4B7A7E66E3189A2C /* OurDocketWidgetExtension.appex */,
			);
			name = Products;
			sourceTree = "<group>";
		};
		FCF3A880A7BA858344A660CD /* ViewModels */ = {
			isa = PBXGroup;
			children = (
				71C2193921717FC25186458E /* AuthViewModel.swift */,
				2E328274FE56BF3B030B7D4B /* CaseFilesViewModel.swift */,
				010D09CB637C6EA54E0EC7FF /* DecisionsViewModel.swift */,
				5ABD03B0FC975357032DFDA3 /* NotesViewModel.swift */,
			);
			path = ViewModels;
			sourceTree = "<group>";
		};
/* End PBXGroup section */

/* Begin PBXNativeTarget section */
		D91900D55560CDA6155232A7 /* OurDocket */ = {
			isa = PBXNativeTarget;
			buildConfigurationList = 31443FAF1DB9FBADD43E4E9E /* Build configuration list for PBXNativeTarget "OurDocket" */;
			buildPhases = (
				B848086F2E3B0B4A1D3C4C93 /* Sources */,
				76F79B8439AF459B4255192F /* Resources */,
				288AF54621E98005D68426D2 /* Frameworks */,
				2105053A445BB79F78C2D754 /* Embed Foundation Extensions */,
			);
			buildRules = (
			);
			dependencies = (
				24787361B8F2B5D1B5862C4C /* PBXTargetDependency */,
			);
			name = OurDocket;
			packageProductDependencies = (
				ABCAA589C528E3A33410E072 /* FirebaseCore */,
				48F4CEA2F1A635556EA19778 /* FirebaseAuth */,
				AE53076BE87E5BE7FA130FBC /* FirebaseFirestore */,
				E5BE683CE8BC0471E4714102 /* FirebaseStorage */,
			);
			productName = OurDocket;
			productReference = BCFCCB8E9A8DCA46C15B6F6B /* OurDocket.app */;
			productType = "com.apple.product-type.application";
		};
		F0554A098F35B35CD9BD504E /* OurDocketWidgetExtension */ = {
			isa = PBXNativeTarget;
			buildConfigurationList = D3EF173CC3066B73919C7774 /* Build configuration list for PBXNativeTarget "OurDocketWidgetExtension" */;
			buildPhases = (
				6E6E51D6915E0675B0698F1A /* Sources */,
				2F3A44401EC27027095875AE /* Resources */,
			);
			buildRules = (
			);
			dependencies = (
			);
			name = OurDocketWidgetExtension;
			packageProductDependencies = (
			);
			productName = OurDocketWidgetExtension;
			productReference = FDE54B2F4B7A7E66E3189A2C /* OurDocketWidgetExtension.appex */;
			productType = "com.apple.product-type.app-extension";
		};
/* End PBXNativeTarget section */

/* Begin PBXProject section */
		2389D4604B103832A9A481F3 /* Project object */ = {
			isa = PBXProject;
			attributes = {
				BuildIndependentTargetsInParallel = YES;
				LastUpgradeCheck = 1430;
				TargetAttributes = {
					D91900D55560CDA6155232A7 = {
						DevelopmentTeam = N479NWL495;
						ProvisioningStyle = Automatic;
					};
					F0554A098F35B35CD9BD504E = {
						DevelopmentTeam = N479NWL495;
						ProvisioningStyle = Automatic;
					};
				};
			};
			buildConfigurationList = 9B5D0273A1A02C03F6F57849 /* Build configuration list for PBXProject "OurDocket" */;
			developmentRegion = en;
			hasScannedForEncodings = 0;
			knownRegions = (
				Base,
				en,
				tr,
			);
			mainGroup = 37EE67BE513E85D231DFB622;
			minimizedProjectReferenceProxies = 1;
			packageReferences = (
				F7CE9C1A82C0A4041A33D77F /* XCRemoteSwiftPackageReference "firebase-ios-sdk" */,
			);
			preferredProjectObjectVersion = 77;
			productRefGroup = F094A9E0875B139E49725E39 /* Products */;
			projectDirPath = "";
			projectRoot = "";
			targets = (
				D91900D55560CDA6155232A7 /* OurDocket */,
				F0554A098F35B35CD9BD504E /* OurDocketWidgetExtension */,
			);
		};
/* End PBXProject section */

/* Begin PBXResourcesBuildPhase section */
		2F3A44401EC27027095875AE /* Resources */ = {
			isa = PBXResourcesBuildPhase;
			buildActionMask = 2147483647;
			files = (
				E437D183483538CCC1733F40 /* Localizable.xcstrings in Resources */,
			);
			runOnlyForDeploymentPostprocessing = 0;
		};
		76F79B8439AF459B4255192F /* Resources */ = {
			isa = PBXResourcesBuildPhase;
			buildActionMask = 2147483647;
			files = (
				05BE287861AFA7A21A9C4FA0 /* Assets.xcassets in Resources */,
				9E208FAF7E48BD77E6651A43 /* GoogleService-Info.plist in Resources */,
				9781C2702CFD352AE815F7CE /* InfoPlist.xcstrings in Resources */,
				329F448AE311192D05A512D8 /* Localizable.xcstrings in Resources */,
			);
			runOnlyForDeploymentPostprocessing = 0;
		};
/* End PBXResourcesBuildPhase section */

/* Begin PBXSourcesBuildPhase section */
		6E6E51D6915E0675B0698F1A /* Sources */ = {
			isa = PBXSourcesBuildPhase;
			buildActionMask = 2147483647;
			files = (
				BDAC551C897B9EBFBD967091 /* AppLanguage.swift in Sources */,
				73B570C5697B5792985CD800 /* HapticFeedback.swift in Sources */,
				C04407E895E14733058C365C /* OurDocketWidget.swift in Sources */,
				87BDF2581724CE12B87D3616 /* OurDocketWidgetBundle.swift in Sources */,
				F33D91FA7C275341476B1EFD /* SharedRelationshipStore.swift in Sources */,
				42B7896A6F44BFD3F04DDD26 /* Theme.swift in Sources */,
			);
			runOnlyForDeploymentPostprocessing = 0;
		};
		B848086F2E3B0B4A1D3C4C93 /* Sources */ = {
			isa = PBXSourcesBuildPhase;
			buildActionMask = 2147483647;
			files = (
				9F4977EE53BAD7CEBC7A065D /* AppLanguage.swift in Sources */,
				D6B0B6DFDD3407CDF696A1D5 /* AuthService.swift in Sources */,
				DB0949DD40EABB5F8853A4DF /* AuthViewModel.swift in Sources */,
				F94DC5D2CC83803DE0F0EAD2 /* ButtonStyles.swift in Sources */,
				8ABCFBDAA3963EDF685DA10E /* CaseFile.swift in Sources */,
				227B9C6485BDD854DC189DF9 /* CaseFileDetailView.swift in Sources */,
				3A626BF47B710E34979AE33D /* CaseFileService.swift in Sources */,
				67361EB3EC1E7A6D5F1AE21F /* CaseFilesListView.swift in Sources */,
				5CF53232B518274B2EDFEF45 /* CaseFilesTimelineView.swift in Sources */,
				DD86FE8BB1B5F35E435180BB /* CaseFilesViewModel.swift in Sources */,
				8A3D2B0D9D181EA107B7959F /* CategoryManagementSheet.swift in Sources */,
				29AB38EC03690AB12B27A0F8 /* Couple.swift in Sources */,
				3B1616257F88B3120D8CDE03 /* Decision.swift in Sources */,
				1DBD14C97AAFD39187D1D485 /* DecisionCardView.swift in Sources */,
				5781885AB3D356D493087033 /* DecisionsListView.swift in Sources */,
				132DF2803630F9DA2971189C /* DecisionsService.swift in Sources */,
				00E2704921CBA6838F7A99C1 /* DecisionsViewModel.swift in Sources */,
				3100B56C8FD9619B772D4404 /* HapticFeedback.swift in Sources */,
				84E52023A2813E4852F93477 /* HeaderBar.swift in Sources */,
				1016CCB7ACBB4D2BF27649BB /* HomeView.swift in Sources */,
				847DEB4D02D9725839BEC5D3 /* ImageCache.swift in Sources */,
				F6F9EFEE4399F3A9005E06A2 /* LanguageSelectionView.swift in Sources */,
				A3D248CC774E040A8C5856B7 /* MediaThumbnailView.swift in Sources */,
				9B4A573C31484F90561041F4 /* MediaViewerView.swift in Sources */,
				BB82E26EC86C6480F6F29AEF /* NewCaseFileSheet.swift in Sources */,
				B24C34540794BE2C7E7D8FD0 /* NewDecisionSheet.swift in Sources */,
				CA5CBC486FF1D924FE7C6A89 /* NoteList.swift in Sources */,
				669D85B28FFAE047B7444F33 /* NoteListDetailView.swift in Sources */,
				8231EED401B90833E488ACCA /* NotesService.swift in Sources */,
				CB07E0DC834E8CC3C8611114 /* NotesView.swift in Sources */,
				D4DAAECB66082D5FBD14CB72 /* NotesViewModel.swift in Sources */,
				85007677B0D50B6D3F14BD13 /* OurDocketApp.swift in Sources */,
				81EC87276BE4F2DF93DBB435 /* PairingService.swift in Sources */,
				15F9F76333035682876AAF12 /* PairingView.swift in Sources */,
				26CE5A606ED82B8280B36D26 /* PortraitCropView.swift in Sources */,
				B4A555076452197A45BEF41E /* PortraitService.swift in Sources */,
				995A5E67771DA566CAF45773 /* RandomAppearance.swift in Sources */,
				4BD00B1FBDF2CCDE53ED4844 /* RelationshipCounterView.swift in Sources */,
				38CD074848882F7AD01E0BB1 /* RootView.swift in Sources */,
				4936508E9D2616DB1C7D1D16 /* SettingsView.swift in Sources */,
				19A94F8B50784EEC876A818F /* SharedRelationshipStore.swift in Sources */,
				FA386C59CCF1BB4BE3AFF491 /* ShortcutCardsView.swift in Sources */,
				1A90D267C1B874276F162A3F /* SignInView.swift in Sources */,
				370F4CBE7D2F785689A751FA /* StartDateView.swift in Sources */,
				7BB1C8CC83CA5AD89CCFE7EC /* Theme.swift in Sources */,
				1748FEA0B0EC6B1696A55F8F /* User.swift in Sources */,
			);
			runOnlyForDeploymentPostprocessing = 0;
		};
/* End PBXSourcesBuildPhase section */

/* Begin PBXTargetDependency section */
		24787361B8F2B5D1B5862C4C /* PBXTargetDependency */ = {
			isa = PBXTargetDependency;
			target = F0554A098F35B35CD9BD504E /* OurDocketWidgetExtension */;
			targetProxy = 284470D16F1583BBE7C49290 /* PBXContainerItemProxy */;
		};
/* End PBXTargetDependency section */

/* Begin XCBuildConfiguration section */
		0D9BD0D5F45D4EE8B437840B /* Debug */ = {
			isa = XCBuildConfiguration;
			buildSettings = {
				CODE_SIGN_ENTITLEMENTS = OurDocketWidget/OurDocketWidget.entitlements;
				CODE_SIGN_STYLE = Automatic;
				CURRENT_PROJECT_VERSION = 1;
				DEVELOPMENT_TEAM = N479NWL495;
				GENERATE_INFOPLIST_FILE = YES;
				INFOPLIST_FILE = Generated/WidgetInfo.plist;
				IPHONEOS_DEPLOYMENT_TARGET = 17.0;
				LD_RUNPATH_SEARCH_PATHS = (
					"$(inherited)",
					"@executable_path/Frameworks",
					"@executable_path/../../Frameworks",
				);
				MARKETING_VERSION = 1.0.0;
				PRODUCT_BUNDLE_IDENTIFIER = com.volkan.ourdocket.OurDocketWidget;
				SDKROOT = iphoneos;
				SKIP_INSTALL = YES;
				SWIFT_VERSION = 5.0;
				TARGETED_DEVICE_FAMILY = 1;
			};
			name = Debug;
		};
		4D3385DDE949CC02EC133BC5 /* Release */ = {
			isa = XCBuildConfiguration;
			buildSettings = {
				ALWAYS_SEARCH_USER_PATHS = NO;
				CLANG_ANALYZER_NONNULL = YES;
				CLANG_ANALYZER_NUMBER_OBJECT_CONVERSION = YES_AGGRESSIVE;
				CLANG_CXX_LANGUAGE_STANDARD = "gnu++14";
				CLANG_CXX_LIBRARY = "libc++";
				CLANG_ENABLE_MODULES = YES;
				CLANG_ENABLE_OBJC_ARC = YES;
				CLANG_ENABLE_OBJC_WEAK = YES;
				CLANG_WARN_BLOCK_CAPTURE_AUTORELEASING = YES;
				CLANG_WARN_BOOL_CONVERSION = YES;
				CLANG_WARN_COMMA = YES;
				CLANG_WARN_CONSTANT_CONVERSION = YES;
				CLANG_WARN_DEPRECATED_OBJC_IMPLEMENTATIONS = YES;
				CLANG_WARN_DIRECT_OBJC_ISA_USAGE = YES_ERROR;
				CLANG_WARN_DOCUMENTATION_COMMENTS = YES;
				CLANG_WARN_EMPTY_BODY = YES;
				CLANG_WARN_ENUM_CONVERSION = YES;
				CLANG_WARN_INFINITE_RECURSION = YES;
				CLANG_WARN_INT_CONVERSION = YES;
				CLANG_WARN_NON_LITERAL_NULL_CONVERSION = YES;
				CLANG_WARN_OBJC_IMPLICIT_RETAIN_SELF = YES;
				CLANG_WARN_OBJC_LITERAL_CONVERSION = YES;
				CLANG_WARN_OBJC_ROOT_CLASS = YES_ERROR;
				CLANG_WARN_QUOTED_INCLUDE_IN_FRAMEWORK_HEADER = YES;
				CLANG_WARN_RANGE_LOOP_ANALYSIS = YES;
				CLANG_WARN_STRICT_PROTOTYPES = YES;
				CLANG_WARN_SUSPICIOUS_MOVE = YES;
				CLANG_WARN_UNGUARDED_AVAILABILITY = YES_AGGRESSIVE;
				CLANG_WARN_UNREACHABLE_CODE = YES;
				CLANG_WARN__DUPLICATE_METHOD_MATCH = YES;
				COPY_PHASE_STRIP = NO;
				DEBUG_INFORMATION_FORMAT = "dwarf-with-dsym";
				ENABLE_NS_ASSERTIONS = NO;
				ENABLE_STRICT_OBJC_MSGSEND = YES;
				GCC_C_LANGUAGE_STANDARD = gnu11;
				GCC_NO_COMMON_BLOCKS = YES;
				GCC_WARN_64_TO_32_BIT_CONVERSION = YES;
				GCC_WARN_ABOUT_RETURN_TYPE = YES_ERROR;
				GCC_WARN_UNDECLARED_SELECTOR = YES;
				GCC_WARN_UNINITIALIZED_AUTOS = YES_AGGRESSIVE;
				GCC_WARN_UNUSED_FUNCTION = YES;
				GCC_WARN_UNUSED_VARIABLE = YES;
				IPHONEOS_DEPLOYMENT_TARGET = 17.0;
				MTL_ENABLE_DEBUG_INFO = NO;
				MTL_FAST_MATH = YES;
				PRODUCT_NAME = "$(TARGET_NAME)";
				SDKROOT = iphoneos;
				SWIFT_COMPILATION_MODE = wholemodule;
				SWIFT_OPTIMIZATION_LEVEL = "-O";
				SWIFT_VERSION = 5.0;
			};
			name = Release;
		};
		BF0F2D8A2A50B06A8E3CCABE /* Release */ = {
			isa = XCBuildConfiguration;
			buildSettings = {
				ASSETCATALOG_COMPILER_APPICON_NAME = AppIcon;
				CODE_SIGN_ENTITLEMENTS = OurDocket/OurDocket.entitlements;
				CODE_SIGN_IDENTITY = "iPhone Developer";
				CODE_SIGN_STYLE = Automatic;
				CURRENT_PROJECT_VERSION = 1;
				DEVELOPMENT_ASSET_PATHS = "";
				DEVELOPMENT_TEAM = N479NWL495;
				INFOPLIST_FILE = Generated/Info.plist;
				IPHONEOS_DEPLOYMENT_TARGET = 17.0;
				LD_RUNPATH_SEARCH_PATHS = (
					"$(inherited)",
					"@executable_path/Frameworks",
				);
				MARKETING_VERSION = 1.0.0;
				PRODUCT_BUNDLE_IDENTIFIER = com.volkan.ourdocket;
				SDKROOT = iphoneos;
				SWIFT_VERSION = 5.0;
				TARGETED_DEVICE_FAMILY = 1;
			};
			name = Release;
		};
		BF88D8864DFF73A57CAD8CD5 /* Debug */ = {
			isa = XCBuildConfiguration;
			buildSettings = {
				ALWAYS_SEARCH_USER_PATHS = NO;
				CLANG_ANALYZER_NONNULL = YES;
				CLANG_ANALYZER_NUMBER_OBJECT_CONVERSION = YES_AGGRESSIVE;
				CLANG_CXX_LANGUAGE_STANDARD = "gnu++14";
				CLANG_CXX_LIBRARY = "libc++";
				CLANG_ENABLE_MODULES = YES;
				CLANG_ENABLE_OBJC_ARC = YES;
				CLANG_ENABLE_OBJC_WEAK = YES;
				CLANG_WARN_BLOCK_CAPTURE_AUTORELEASING = YES;
				CLANG_WARN_BOOL_CONVERSION = YES;
				CLANG_WARN_COMMA = YES;
				CLANG_WARN_CONSTANT_CONVERSION = YES;
				CLANG_WARN_DEPRECATED_OBJC_IMPLEMENTATIONS = YES;
				CLANG_WARN_DIRECT_OBJC_ISA_USAGE = YES_ERROR;
				CLANG_WARN_DOCUMENTATION_COMMENTS = YES;
				CLANG_WARN_EMPTY_BODY = YES;
				CLANG_WARN_ENUM_CONVERSION = YES;
				CLANG_WARN_INFINITE_RECURSION = YES;
				CLANG_WARN_INT_CONVERSION = YES;
				CLANG_WARN_NON_LITERAL_NULL_CONVERSION = YES;
				CLANG_WARN_OBJC_IMPLICIT_RETAIN_SELF = YES;
				CLANG_WARN_OBJC_LITERAL_CONVERSION = YES;
				CLANG_WARN_OBJC_ROOT_CLASS = YES_ERROR;
				CLANG_WARN_QUOTED_INCLUDE_IN_FRAMEWORK_HEADER = YES;
				CLANG_WARN_RANGE_LOOP_ANALYSIS = YES;
				CLANG_WARN_STRICT_PROTOTYPES = YES;
				CLANG_WARN_SUSPICIOUS_MOVE = YES;
				CLANG_WARN_UNGUARDED_AVAILABILITY = YES_AGGRESSIVE;
				CLANG_WARN_UNREACHABLE_CODE = YES;
				CLANG_WARN__DUPLICATE_METHOD_MATCH = YES;
				COPY_PHASE_STRIP = NO;
				DEBUG_INFORMATION_FORMAT = dwarf;
				ENABLE_STRICT_OBJC_MSGSEND = YES;
				ENABLE_TESTABILITY = YES;
				GCC_C_LANGUAGE_STANDARD = gnu11;
				GCC_DYNAMIC_NO_PIC = NO;
				GCC_NO_COMMON_BLOCKS = YES;
				GCC_OPTIMIZATION_LEVEL = 0;
				GCC_PREPROCESSOR_DEFINITIONS = (
					"$(inherited)",
					"DEBUG=1",
				);
				GCC_WARN_64_TO_32_BIT_CONVERSION = YES;
				GCC_WARN_ABOUT_RETURN_TYPE = YES_ERROR;
				GCC_WARN_UNDECLARED_SELECTOR = YES;
				GCC_WARN_UNINITIALIZED_AUTOS = YES_AGGRESSIVE;
				GCC_WARN_UNUSED_FUNCTION = YES;
				GCC_WARN_UNUSED_VARIABLE = YES;
				IPHONEOS_DEPLOYMENT_TARGET = 17.0;
				MTL_ENABLE_DEBUG_INFO = INCLUDE_SOURCE;
				MTL_FAST_MATH = YES;
				ONLY_ACTIVE_ARCH = YES;
				PRODUCT_NAME = "$(TARGET_NAME)";
				SDKROOT = iphoneos;
				SWIFT_ACTIVE_COMPILATION_CONDITIONS = DEBUG;
				SWIFT_OPTIMIZATION_LEVEL = "-Onone";
				SWIFT_VERSION = 5.0;
			};
			name = Debug;
		};
		ED75D00AC6A8912005D993F4 /* Release */ = {
			isa = XCBuildConfiguration;
			buildSettings = {
				CODE_SIGN_ENTITLEMENTS = OurDocketWidget/OurDocketWidget.entitlements;
				CODE_SIGN_STYLE = Automatic;
				CURRENT_PROJECT_VERSION = 1;
				DEVELOPMENT_TEAM = N479NWL495;
				GENERATE_INFOPLIST_FILE = YES;
				INFOPLIST_FILE = Generated/WidgetInfo.plist;
				IPHONEOS_DEPLOYMENT_TARGET = 17.0;
				LD_RUNPATH_SEARCH_PATHS = (
					"$(inherited)",
					"@executable_path/Frameworks",
					"@executable_path/../../Frameworks",
				);
				MARKETING_VERSION = 1.0.0;
				PRODUCT_BUNDLE_IDENTIFIER = com.volkan.ourdocket.OurDocketWidget;
				SDKROOT = iphoneos;
				SKIP_INSTALL = YES;
				SWIFT_VERSION = 5.0;
				TARGETED_DEVICE_FAMILY = 1;
			};
			name = Release;
		};
		F1225134DC2323C3CBC7EBB3 /* Debug */ = {
			isa = XCBuildConfiguration;
			buildSettings = {
				ASSETCATALOG_COMPILER_APPICON_NAME = AppIcon;
				CODE_SIGN_ENTITLEMENTS = OurDocket/OurDocket.entitlements;
				CODE_SIGN_IDENTITY = "iPhone Developer";
				CODE_SIGN_STYLE = Automatic;
				CURRENT_PROJECT_VERSION = 1;
				DEVELOPMENT_ASSET_PATHS = "";
				DEVELOPMENT_TEAM = N479NWL495;
				INFOPLIST_FILE = Generated/Info.plist;
				IPHONEOS_DEPLOYMENT_TARGET = 17.0;
				LD_RUNPATH_SEARCH_PATHS = (
					"$(inherited)",
					"@executable_path/Frameworks",
				);
				MARKETING_VERSION = 1.0.0;
				PRODUCT_BUNDLE_IDENTIFIER = com.volkan.ourdocket;
				SDKROOT = iphoneos;
				SWIFT_VERSION = 5.0;
				TARGETED_DEVICE_FAMILY = 1;
			};
			name = Debug;
		};
/* End XCBuildConfiguration section */

/* Begin XCConfigurationList section */
		31443FAF1DB9FBADD43E4E9E /* Build configuration list for PBXNativeTarget "OurDocket" */ = {
			isa = XCConfigurationList;
			buildConfigurations = (
				F1225134DC2323C3CBC7EBB3 /* Debug */,
				BF0F2D8A2A50B06A8E3CCABE /* Release */,
			);
			defaultConfigurationIsVisible = 0;
			defaultConfigurationName = Debug;
		};
		9B5D0273A1A02C03F6F57849 /* Build configuration list for PBXProject "OurDocket" */ = {
			isa = XCConfigurationList;
			buildConfigurations = (
				BF88D8864DFF73A57CAD8CD5 /* Debug */,
				4D3385DDE949CC02EC133BC5 /* Release */,
			);
			defaultConfigurationIsVisible = 0;
			defaultConfigurationName = Debug;
		};
		D3EF173CC3066B73919C7774 /* Build configuration list for PBXNativeTarget "OurDocketWidgetExtension" */ = {
			isa = XCConfigurationList;
			buildConfigurations = (
				0D9BD0D5F45D4EE8B437840B /* Debug */,
				ED75D00AC6A8912005D993F4 /* Release */,
			);
			defaultConfigurationIsVisible = 0;
			defaultConfigurationName = Debug;
		};
/* End XCConfigurationList section */

/* Begin XCRemoteSwiftPackageReference section */
		F7CE9C1A82C0A4041A33D77F /* XCRemoteSwiftPackageReference "firebase-ios-sdk" */ = {
			isa = XCRemoteSwiftPackageReference;
			repositoryURL = "https://github.com/firebase/firebase-ios-sdk";
			requirement = {
				kind = upToNextMajorVersion;
				minimumVersion = 12.0.0;
			};
		};
/* End XCRemoteSwiftPackageReference section */

/* Begin XCSwiftPackageProductDependency section */
		48F4CEA2F1A635556EA19778 /* FirebaseAuth */ = {
			isa = XCSwiftPackageProductDependency;
			package = F7CE9C1A82C0A4041A33D77F /* XCRemoteSwiftPackageReference "firebase-ios-sdk" */;
			productName = FirebaseAuth;
		};
		ABCAA589C528E3A33410E072 /* FirebaseCore */ = {
			isa = XCSwiftPackageProductDependency;
			package = F7CE9C1A82C0A4041A33D77F /* XCRemoteSwiftPackageReference "firebase-ios-sdk" */;
			productName = FirebaseCore;
		};
		AE53076BE87E5BE7FA130FBC /* FirebaseFirestore */ = {
			isa = XCSwiftPackageProductDependency;
			package = F7CE9C1A82C0A4041A33D77F /* XCRemoteSwiftPackageReference "firebase-ios-sdk" */;
			productName = FirebaseFirestore;
		};
		E5BE683CE8BC0471E4714102 /* FirebaseStorage */ = {
			isa = XCSwiftPackageProductDependency;
			package = F7CE9C1A82C0A4041A33D77F /* XCRemoteSwiftPackageReference "firebase-ios-sdk" */;
			productName = FirebaseStorage;
		};
/* End XCSwiftPackageProductDependency section */
	};
	rootObject = 2389D4604B103832A9A481F3 /* Project object */;
}
